
Microsoft Visual Studio Solution File, Format Version 12.00
# Visual Studio Version 17
VisualStudioVersion = 17.2.32505.173
MinimumVisualStudioVersion = 10.0.40219.1
Project("{8BC9CEB8-8B4A-11D0-8D11-00A0C91BC942}") = "fuse", "fuse\fuse.vcxproj", "{907F4581-19BE-469B-86F2-2F8ED2F56FDB}"
EndProject
Project("{8BC9CEB8-8B4A-11D0-8D11-00A0C91BC942}") = "loader", "loader\loader.vcxproj", "{828027E4-E721-4317-8ABF-F0E3F2402BD6}"
EndProject
Global
	GlobalSection(SolutionConfigurationPlatforms) = preSolution
		Debug|x64 = Debug|x64
		Debug|x86 = Debug|x86
		Release|x64 = Release|x64
		Release|x86 = Release|x86
	EndGlobalSection
	GlobalSection(ProjectConfigurationPlatforms) = postSolution
		{907F4581-19BE-469B-86F2-2F8ED2F56FDB}.Debug|x64.ActiveCfg = Debug|x64
		{907F4581-19BE-469B-86F2-2F8ED2F56FDB}.Debug|x64.Build.0 = Debug|x64
		{907F4581-19BE-469B-86F2-2F8ED2F56FDB}.Debug|x86.ActiveCfg = Debug|Win32
		{907F4581-19BE-469B-86F2-2F8ED2F56FDB}.Debug|x86.Build.0 = Debug|Win32
		{907F4581-19BE-469B-86F2-2F8ED2F56FDB}.Release|x64.ActiveCfg = Release|x64
		{907F4581-19BE-469B-86F2-2F8ED2F56FDB}.Release|x64.Build.0 = Release|x64
		{907F4581-19BE-469B-86F2-2F8ED2F56FDB}.Release|x86.ActiveCfg = Release|Win32
		{907F4581-19BE-469B-86F2-2F8ED2F56FDB}.Release|x86.Build.0 = Release|Win32
		{828027E4-E721-4317-8ABF-F0E3F2402BD6}.Debug|x64.ActiveCfg = Debug|x64
		{828027E4-E721-4317-8ABF-F0E3F2402BD6}.Debug|x64.Build.0 = Debug|x64
		{828027E4-E721-4317-8ABF-F0E3F2402BD6}.Debug|x86.ActiveCfg = Debug|Win32
		{828027E4-E721-4317-8ABF-F0E3F2402BD6}.Debug|x86.Build.0 = Debug|Win32
		{828027E4-E721-4317-8ABF-F0E3F2402BD6}.Release|x64.ActiveCfg = Release|x64
		{828027E4-E721-4317-8ABF-F0E3F2402BD6}.Release|x64.Build.0 = Release|x64
		{828027E4-E721-4317-8ABF-F0E3F2402BD6}.Release|x86.ActiveCfg = Release|Win32
		{828027E4-E721-4317-8ABF-F0E3F2402BD6}.Release|x86.Build.0 = Release|Win32
	EndGlobalSection
	GlobalSection(SolutionProperties) = preSolution
		HideSolutionNode = FALSE
	EndGlobalSection
	GlobalSection(ExtensibilityGlobals) = postSolution
		SolutionGuid = {B4D38C70-19CB-44EE-857C-CD41FFA7674D}
	EndGlobalSection
EndGlobal
