
Microsoft Visual Studio Solution File, Format Version 12.00
# Visual Studio Version 17
VisualStudioVersion = 17.2.32505.173
MinimumVisualStudioVersion = 10.0.40219.1
Project("{8BC9CEB8-8B4A-11D0-8D11-00A0C91BC942}") = "fuse", "fuse\fuse.vcxproj", "{907F4581-19BE-469B-86F2-2F8ED2F56FDB}"
EndProject
Project("{8BC9CEB8-8B4A-11D0-8D11-00A0C91BC942}") = "loader", "loader\loader.vcxproj", "{828027E4-E721-4317-8ABF-F0E3F2402BD6}"
	ProjectSection(ProjectDependencies) = postProject
		{907F4581-19BE-469B-86F2-2F8ED2F56FDB} = {907F4581-19BE-469B-86F2-2F8ED2F56FDB}
	EndProjectSection
EndProject
Project("{2150E333-8FDC-42A3-9474-1A3956D46DE8}") = "examples", "examples", "{599FE79D-B594-4217-B758-D5870C64ABC9}"
EndProject
Project("{8BC9CEB8-8B4A-11D0-8D11-00A0C91BC942}") = "hello_world", "examples\hello_world\hello_world.vcxproj", "{F273F8A2-A3BC-4237-9D6A-CE4DFFF2D370}"
	ProjectSection(ProjectDependencies) = postProject
		{907F4581-19BE-469B-86F2-2F8ED2F56FDB} = {907F4581-19BE-469B-86F2-2F8ED2F56FDB}
	EndProjectSection
EndProject
Project("{8BC9CEB8-8B4A-11D0-8D11-00A0C91BC942}") = "multicont", "examples\multicont\multicont.vcxproj", "{7E8B1DD9-E116-4162-90E6-944F7FB40958}"
	ProjectSection(ProjectDependencies) = postProject
		{907F4581-19BE-469B-86F2-2F8ED2F56FDB} = {907F4581-19BE-469B-86F2-2F8ED2F56FDB}
	EndProjectSection
EndProject
Project("{8BC9CEB8-8B4A-11D0-8D11-00A0C91BC942}") = "menu_controller", "examples\menu_controller\menu_controller.vcxproj", "{571F8A97-CFD3-4644-B0A1-9849A4A8E025}"
	ProjectSection(ProjectDependencies) = postProject
		{907F4581-19BE-469B-86F2-2F8ED2F56FDB} = {907F4581-19BE-469B-86F2-2F8ED2F56FDB}
	EndProjectSection
EndProject
Global
	GlobalSection(SolutionConfigurationPlatforms) = preSolution
		Debug|x64 = Debug|x64
		Debug|x86 = Debug|x86
		Release|x64 = Release|x64
		Release|x86 = Release|x86
	EndGlobalSection
	GlobalSection(ProjectConfigurationPlatforms) = postSolution
		{907F4581-19BE-469B-86F2-2F8ED2F56FDB}.Debug|x64.ActiveCfg = Debug|x64
		{907F4581-19BE-469B-86F2-2F8ED2F56FDB}.Debug|x64.Build.0 = Debug|x64
		{907F4581-19BE-469B-86F2-2F8ED2F56FDB}.Debug|x86.ActiveCfg = Debug|Win32
		{907F4581-19BE-469B-86F2-2F8ED2F56FDB}.Debug|x86.Build.0 = Debug|Win32
		{907F4581-19BE-469B-86F2-2F8ED2F56FDB}.Release|x64.ActiveCfg = Release|x64
		{907F4581-19BE-469B-86F2-2F8ED2F56FDB}.Release|x64.Build.0 = Release|x64
		{907F4581-19BE-469B-86F2-2F8ED2F56FDB}.Release|x86.ActiveCfg = Release|Win32
		{907F4581-19BE-469B-86F2-2F8ED2F56FDB}.Release|x86.Build.0 = Release|Win32
		{828027E4-E721-4317-8ABF-F0E3F2402BD6}.Debug|x64.ActiveCfg = Debug|x64
		{828027E4-E721-4317-8ABF-F0E3F2402BD6}.Debug|x64.Build.0 = Debug|x64
		{828027E4-E721-4317-8ABF-F0E3F2402BD6}.Debug|x86.ActiveCfg = Debug|Win32
		{828027E4-E721-4317-8ABF-F0E3F2402BD6}.Debug|x86.Build.0 = Debug|Win32
		{828027E4-E721-4317-8ABF-F0E3F2402BD6}.Release|x64.ActiveCfg = Release|x64
		{828027E4-E721-4317-8ABF-F0E3F2402BD6}.Release|x64.Build.0 = Release|x64
		{828027E4-E721-4317-8ABF-F0E3F2402BD6}.Release|x86.ActiveCfg = Release|Win32
		{828027E4-E721-4317-8ABF-F0E3F2402BD6}.Release|x86.Build.0 = Release|Win32
		{F273F8A2-A3BC-4237-9D6A-CE4DFFF2D370}.Debug|x64.ActiveCfg = Debug|x64
		{F273F8A2-A3BC-4237-9D6A-CE4DFFF2D370}.Debug|x64.Build.0 = Debug|x64
		{F273F8A2-A3BC-4237-9D6A-CE4DFFF2D370}.Debug|x86.ActiveCfg = Debug|Win32
		{F273F8A2-A3BC-4237-9D6A-CE4DFFF2D370}.Debug|x86.Build.0 = Debug|Win32
		{F273F8A2-A3BC-4237-9D6A-CE4DFFF2D370}.Release|x64.ActiveCfg = Release|x64
		{F273F8A2-A3BC-4237-9D6A-CE4DFFF2D370}.Release|x64.Build.0 = Release|x64
		{F273F8A2-A3BC-4237-9D6A-CE4DFFF2D370}.Release|x86.ActiveCfg = Release|Win32
		{F273F8A2-A3BC-4237-9D6A-CE4DFFF2D370}.Release|x86.Build.0 = Release|Win32
		{7E8B1DD9-E116-4162-90E6-944F7FB40958}.Debug|x64.ActiveCfg = Debug|x64
		{7E8B1DD9-E116-4162-90E6-944F7FB40958}.Debug|x64.Build.0 = Debug|x64
		{7E8B1DD9-E116-4162-90E6-944F7FB40958}.Debug|x86.ActiveCfg = Debug|Win32
		{7E8B1DD9-E116-4162-90E6-944F7FB40958}.Debug|x86.Build.0 = Debug|Win32
		{7E8B1DD9-E116-4162-90E6-944F7FB40958}.Release|x64.ActiveCfg = Release|x64
		{7E8B1DD9-E116-4162-90E6-944F7FB40958}.Release|x64.Build.0 = Release|x64
		{7E8B1DD9-E116-4162-90E6-944F7FB40958}.Release|x86.ActiveCfg = Release|Win32
		{7E8B1DD9-E116-4162-90E6-944F7FB40958}.Release|x86.Build.0 = Release|Win32
		{571F8A97-CFD3-4644-B0A1-9849A4A8E025}.Debug|x64.ActiveCfg = Debug|x64
		{571F8A97-CFD3-4644-B0A1-9849A4A8E025}.Debug|x64.Build.0 = Debug|x64
		{571F8A97-CFD3-4644-B0A1-9849A4A8E025}.Debug|x86.ActiveCfg = Debug|Win32
		{571F8A97-CFD3-4644-B0A1-9849A4A8E025}.Debug|x86.Build.0 = Debug|Win32
		{571F8A97-CFD3-4644-B0A1-9849A4A8E025}.Release|x64.ActiveCfg = Release|x64
		{571F8A97-CFD3-4644-B0A1-9849A4A8E025}.Release|x64.Build.0 = Release|x64
		{571F8A97-CFD3-4644-B0A1-9849A4A8E025}.Release|x86.ActiveCfg = Release|Win32
		{571F8A97-CFD3-4644-B0A1-9849A4A8E025}.Release|x86.Build.0 = Release|Win32
	EndGlobalSection
	GlobalSection(SolutionProperties) = preSolution
		HideSolutionNode = FALSE
	EndGlobalSection
	GlobalSection(NestedProjects) = preSolution
		{F273F8A2-A3BC-4237-9D6A-CE4DFFF2D370} = {599FE79D-B594-4217-B758-D5870C64ABC9}
		{7E8B1DD9-E116-4162-90E6-944F7FB40958} = {599FE79D-B594-4217-B758-D5870C64ABC9}
		{571F8A97-CFD3-4644-B0A1-9849A4A8E025} = {599FE79D-B594-4217-B758-D5870C64ABC9}
	EndGlobalSection
	GlobalSection(ExtensibilityGlobals) = postSolution
		SolutionGuid = {B4D38C70-19CB-44EE-857C-CD41FFA7674D}
	EndGlobalSection
EndGlobal
